
Microsoft Visual Studio Solution File, Format Version 12.00
# Visual Studio Version 16
VisualStudioVersion = 16.0.29102.190
MinimumVisualStudioVersion = 10.0.40219.1
Project("{FAE04EC0-301F-11D3-BF4B-00C04F79EFBC}") = "AsymCryptLab1", "AsymCryptLab1\AsymCryptLab1.csproj", "{93E72F6D-B74A-4BAD-8C2B-E592BA47FD8A}"
EndProject
Global
	GlobalSection(SolutionConfigurationPlatforms) = preSolution
		Debug|Any CPU = Debug|Any CPU
		Release|Any CPU = Release|Any CPU
	EndGlobalSection
	GlobalSection(ProjectConfigurationPlatforms) = postSolution
		{93E72F6D-B74A-4BAD-8C2B-E592BA47FD8A}.Debug|Any CPU.ActiveCfg = Debug|Any CPU
		{93E72F6D-B74A-4BAD-8C2B-E592BA47FD8A}.Debug|Any CPU.Build.0 = Debug|Any CPU
		{93E72F6D-B74A-4BAD-8C2B-E592BA47FD8A}.Release|Any CPU.ActiveCfg = Release|Any CPU
		{93E72F6D-B74A-4BAD-8C2B-E592BA47FD8A}.Release|Any CPU.Build.0 = Release|Any CPU
	EndGlobalSection
	GlobalSection(SolutionProperties) = preSolution
		HideSolutionNode = FALSE
	EndGlobalSection
	GlobalSection(ExtensibilityGlobals) = postSolution
		SolutionGuid = {C00EE46C-CB60-496E-A36D-2BD648CE6B13}
	EndGlobalSection
EndGlobal
